<?xml version="1.0" encoding="utf-8"?>
<Project ToolsVersion="4.0" xmlns="http://schemas.microsoft.com/developer/msbuild/2003">
  <ItemGroup>
    <Filter Include="Source Files">
      <UniqueIdentifier>{2ac3188f-9fd7-4a51-84a4-c9b30e66664a}</UniqueIdentifier>
      <Extensions>cpp;c;cxx;rc;def;r;odl;idl;hpj;bat</Extensions>
    </Filter>
    <Filter Include="Header Files">
      <UniqueIdentifier>{fec7c774-6791-4a93-9d45-aeedad34b99e}</UniqueIdentifier>
      <Extensions>h;hpp;hxx;hm;inl</Extensions>
    </Filter>
    <Filter Include="Resource Files">
      <UniqueIdentifier>{4bf7bf55-7bba-4df8-a2c6-f2f71b13fd49}</UniqueIdentifier>
      <Extensions>ico;cur;bmp;dlg;rc2;rct;bin;rgs;gif;jpg;jpeg;jpe</Extensions>
    </Filter>
  </ItemGroup>
  <ItemGroup>
    <ClCompile Include="Image\bmp.cpp">
      <Filter>Source Files</Filter>
    </ClCompile>
    <ClCompile Include="Util\cmdLineParser.cpp">
      <Filter>Source Files</Filter>
    </ClCompile>
    <ClCompile Include="Image\image.cpp">
      <Filter>Source Files</Filter>
    </ClCompile>
    <ClCompile Include="Image\image.todo.cpp">
      <Filter>Source Files</Filter>
    </ClCompile>
    <ClCompile Include="Image\jpeg.cpp">
      <Filter>Source Files</Filter>
    </ClCompile>
    <ClCompile Include="Image\lineSegments.cpp">
      <Filter>Source Files</Filter>
    </ClCompile>
    <ClCompile Include="Image\lineSegments.todo.cpp">
      <Filter>Source Files</Filter>
    </ClCompile>
    <ClCompile Include="main.cpp">
      <Filter>Source Files</Filter>
    </ClCompile>
  </ItemGroup>
  <ItemGroup>
    <ClInclude Include="Image\bmp.h">
      <Filter>Header Files</Filter>
    </ClInclude>
    <ClInclude Include="Util\cmdLineParser.h">
      <Filter>Header Files</Filter>
    </ClInclude>
    <ClInclude Include="Image\image.h">
      <Filter>Header Files</Filter>
    </ClInclude>
    <ClInclude Include="Image\jpeg.h">
      <Filter>Header Files</Filter>
    </ClInclude>
    <ClInclude Include="Image\lineSegments.h">
      <Filter>Header Files</Filter>
    </ClInclude>
  </ItemGroup>
</Project>